<?xml version="1.0" encoding="utf-8"?>
<Project ToolsVersion="4.0" xmlns="http://schemas.microsoft.com/developer/msbuild/2003">
  <ItemGroup>
    <Filter Include="Source Files">
      <UniqueIdentifier>{4FC737F1-C7A5-4376-A066-2A32D752A2FF}</UniqueIdentifier>
      <Extensions>cpp;c;cc;cxx;def;odl;idl;hpj;bat;asm;asmx</Extensions>
    </Filter>
    <Filter Include="Header Files">
      <UniqueIdentifier>{93995380-89BD-4b04-88EB-625FBE52EBFB}</UniqueIdentifier>
      <Extensions>h;hh;hpp;hxx;hm;inl;inc;xsd</Extensions>
    </Filter>
    <Filter Include="Resource Files">
      <UniqueIdentifier>{67DA6AB6-F800-4c08-8B7A-83BB121AAD01}</UniqueIdentifier>
      <Extensions>rc;ico;cur;bmp;dlg;rc2;rct;bin;rgs;gif;jpg;jpeg;jpe;resx;tiff;tif;png;wav;mfcribbon-ms</Extensions>
    </Filter>
  </ItemGroup>
  <ItemGroup>
    <ClCompile Include="sources\Classes projet\main.cpp">
      <Filter>Source Files</Filter>
    </ClCompile>
  </ItemGroup>
  <ItemGroup>
    <ClInclude Include="sources\Classes projet\Aimant.h">
      <Filter>Header Files</Filter>
    </ClInclude>
    <ClInclude Include="sources\Classes projet\Balance.h">
      <Filter>Header Files</Filter>
    </ClInclude>
    <ClInclude Include="sources\Classes projet\BarreProgressive.h">
      <Filter>Header Files</Filter>
    </ClInclude>
    <ClInclude Include="sources\Classes projet\BoiteCollision.h">
      <Filter>Header Files</Filter>
    </ClInclude>
    <ClInclude Include="sources\Classes projet\Bouton.h">
      <Filter>Header Files</Filter>
    </ClInclude>
    <ClInclude Include="sources\Classes projet\Camera.h">
      <Filter>Header Files</Filter>
    </ClInclude>
    <ClInclude Include="sources\Classes projet\CanonAPeinture.h">
      <Filter>Header Files</Filter>
    </ClInclude>
    <ClInclude Include="sources\Classes projet\Carte.h">
      <Filter>Header Files</Filter>
    </ClInclude>
    <ClInclude Include="sources\Classes projet\Case.h">
      <Filter>Header Files</Filter>
    </ClInclude>
    <ClInclude Include="sources\Classes projet\Chrono.h">
      <Filter>Header Files</Filter>
    </ClInclude>
    <ClInclude Include="sources\Classes projet\Cible.h">
      <Filter>Header Files</Filter>
    </ClInclude>
    <ClInclude Include="sources\Classes projet\Clavier.h">
      <Filter>Header Files</Filter>
    </ClInclude>
    <ClInclude Include="sources\Classes projet\Cle.h">
      <Filter>Header Files</Filter>
    </ClInclude>
    <ClInclude Include="sources\Classes projet\Commutateur.h">
      <Filter>Header Files</Filter>
    </ClInclude>
    <ClInclude Include="sources\Classes projet\Consommable.h">
      <Filter>Header Files</Filter>
    </ClInclude>
    <ClInclude Include="sources\Classes projet\ControleVisuel.h">
      <Filter>Header Files</Filter>
    </ClInclude>
    <ClInclude Include="sources\Classes projet\ControlleurAudio.h">
      <Filter>Header Files</Filter>
    </ClInclude>
    <ClInclude Include="sources\Classes projet\Curseur.h">
      <Filter>Header Files</Filter>
    </ClInclude>
    <ClInclude Include="sources\Classes projet\Droite.h">
      <Filter>Header Files</Filter>
    </ClInclude>
    <ClInclude Include="sources\Classes projet\Equipable.h">
      <Filter>Header Files</Filter>
    </ClInclude>
    <ClInclude Include="sources\Classes projet\Etiquette.h">
      <Filter>Header Files</Filter>
    </ClInclude>
    <ClInclude Include="sources\Classes projet\Examen.h">
      <Filter>Header Files</Filter>
    </ClInclude>
    <ClInclude Include="sources\Classes projet\Fenetre.h">
      <Filter>Header Files</Filter>
    </ClInclude>
    <ClInclude Include="sources\Classes projet\Fusil.h">
      <Filter>Header Files</Filter>
    </ClInclude>
    <ClInclude Include="sources\Classes projet\Gestionnaire2D.h">
      <Filter>Header Files</Filter>
    </ClInclude>
    <ClInclude Include="sources\Classes projet\Gestionnaire3D.h">
      <Filter>Header Files</Filter>
    </ClInclude>
    <ClInclude Include="sources\Classes projet\GestionnaireChemin.h">
      <Filter>Header Files</Filter>
    </ClInclude>
    <ClInclude Include="sources\Classes projet\GestionnaireControle.h">
      <Filter>Header Files</Filter>
    </ClInclude>
    <ClInclude Include="sources\Classes projet\GestionnaireEvenements.h">
      <Filter>Header Files</Filter>
    </ClInclude>
    <ClInclude Include="sources\Classes projet\GestionnaireMenu.h">
      <Filter>Header Files</Filter>
    </ClInclude>
    <ClInclude Include="sources\Classes projet\GestionnairePhases.h">
      <Filter>Header Files</Filter>
    </ClInclude>
    <ClInclude Include="sources\Classes projet\GestionnaireRessources.h">
      <Filter>Header Files</Filter>
    </ClInclude>
    <ClInclude Include="sources\Classes projet\GestionnaireSucces.h">
      <Filter>Header Files</Filter>
    </ClInclude>
    <ClInclude Include="sources\Classes projet\Glisseur.h">
      <Filter>Header Files</Filter>
    </ClInclude>
    <ClInclude Include="sources\Classes projet\Graphe.h">
      <Filter>Header Files</Filter>
    </ClInclude>
    <ClInclude Include="sources\Classes projet\Illuminati.h">
      <Filter>Header Files</Filter>
    </ClInclude>
    <ClInclude Include="sources\Classes projet\Info.h">
      <Filter>Header Files</Filter>
    </ClInclude>
    <ClInclude Include="sources\Classes projet\Inventaire.h">
      <Filter>Header Files</Filter>
    </ClInclude>
    <ClInclude Include="sources\Classes projet\Item.h">
      <Filter>Header Files</Filter>
    </ClInclude>
    <ClInclude Include="sources\Classes projet\Jetable.h">
      <Filter>Header Files</Filter>
    </ClInclude>
    <ClInclude Include="sources\Classes projet\Jeu.h">
      <Filter>Header Files</Filter>
    </ClInclude>
    <ClInclude Include="sources\Classes projet\Joueur.h">
      <Filter>Header Files</Filter>
    </ClInclude>
    <ClInclude Include="sources\Classes projet\Journal.h">
      <Filter>Header Files</Filter>
    </ClInclude>
    <ClInclude Include="sources\Classes projet\LecteurFichier.h">
      <Filter>Header Files</Filter>
    </ClInclude>
    <ClInclude Include="sources\Classes projet\Manette.h">
      <Filter>Header Files</Filter>
    </ClInclude>
    <ClInclude Include="sources\Classes projet\Maths.h">
      <Filter>Header Files</Filter>
    </ClInclude>
    <ClInclude Include="sources\Classes projet\Matrices.h">
      <Filter>Header Files</Filter>
    </ClInclude>
    <ClInclude Include="sources\Classes projet\Melee.h">
      <Filter>Header Files</Filter>
    </ClInclude>
    <ClInclude Include="sources\Classes projet\Menu.h">
      <Filter>Header Files</Filter>
    </ClInclude>
    <ClInclude Include="sources\Classes projet\MenuAccesRapide.h">
      <Filter>Header Files</Filter>
    </ClInclude>
    <ClInclude Include="sources\Classes projet\MenuChargement.h">
      <Filter>Header Files</Filter>
    </ClInclude>
    <ClInclude Include="sources\Classes projet\MenuControle.h">
      <Filter>Header Files</Filter>
    </ClInclude>
    <ClInclude Include="sources\Classes projet\MenuFin.h">
      <Filter>Header Files</Filter>
    </ClInclude>
    <ClInclude Include="sources\Classes projet\MenuGraphique.h">
      <Filter>Header Files</Filter>
    </ClInclude>
    <ClInclude Include="sources\Classes projet\MenuIntro.h">
      <Filter>Header Files</Filter>
    </ClInclude>
    <ClInclude Include="sources\Classes projet\MenuInventaire.h">
      <Filter>Header Files</Filter>
    </ClInclude>
    <ClInclude Include="sources\Classes projet\MenuNouvellePartie.h">
      <Filter>Header Files</Filter>
    </ClInclude>
    <ClInclude Include="sources\Classes projet\MenuOptions.h">
      <Filter>Header Files</Filter>
    </ClInclude>
    <ClInclude Include="sources\Classes projet\MenuPause.h">
      <Filter>Header Files</Filter>
    </ClInclude>
    <ClInclude Include="sources\Classes projet\MenuPrincipal.h">
      <Filter>Header Files</Filter>
    </ClInclude>
    <ClInclude Include="sources\Classes projet\MenuSon.h">
      <Filter>Header Files</Filter>
    </ClInclude>
    <ClInclude Include="sources\Classes projet\MenuSucces.h">
      <Filter>Header Files</Filter>
    </ClInclude>
    <ClInclude Include="sources\Classes projet\Modele.h">
      <Filter>Header Files</Filter>
    </ClInclude>
    <ClInclude Include="sources\Classes projet\Modele3D.h">
      <Filter>Header Files</Filter>
    </ClInclude>
    <ClInclude Include="sources\Classes projet\ModeVideo.h">
      <Filter>Header Files</Filter>
    </ClInclude>
    <ClInclude Include="sources\Classes projet\Munition.h">
      <Filter>Header Files</Filter>
    </ClInclude>
    <ClInclude Include="sources\Classes projet\Note.h">
      <Filter>Header Files</Filter>
    </ClInclude>
    <ClInclude Include="sources\Classes projet\Objet.h">
      <Filter>Header Files</Filter>
    </ClInclude>
    <ClInclude Include="sources\Classes projet\Objet2D.h">
      <Filter>Header Files</Filter>
    </ClInclude>
    <ClInclude Include="sources\Classes projet\Objet3D.h">
      <Filter>Header Files</Filter>
    </ClInclude>
    <ClInclude Include="sources\Classes projet\ObjetFixe.h">
      <Filter>Header Files</Filter>
    </ClInclude>
    <ClInclude Include="sources\Classes projet\ObjetPhysique.h">
      <Filter>Header Files</Filter>
    </ClInclude>
    <ClInclude Include="sources\Classes projet\Peinture.h">
      <Filter>Header Files</Filter>
    </ClInclude>
    <ClInclude Include="sources\Classes projet\Pendule.h">
      <Filter>Header Files</Filter>
    </ClInclude>
    <ClInclude Include="sources\Classes projet\Personnage.h">
      <Filter>Header Files</Filter>
    </ClInclude>
    <ClInclude Include="sources\Classes projet\Phase.h">
      <Filter>Header Files</Filter>
    </ClInclude>
    <ClInclude Include="sources\Classes projet\PhaseJeu.h">
      <Filter>Header Files</Filter>
    </ClInclude>
    <ClInclude Include="sources\Classes projet\PhaseMenuChargement.h">
      <Filter>Header Files</Filter>
    </ClInclude>
    <ClInclude Include="sources\Classes projet\PhaseMenuControle.h">
      <Filter>Header Files</Filter>
    </ClInclude>
    <ClInclude Include="sources\Classes projet\PhaseMenuFin.h">
      <Filter>Header Files</Filter>
    </ClInclude>
    <ClInclude Include="sources\Classes projet\PhaseMenuGraphique.h">
      <Filter>Header Files</Filter>
    </ClInclude>
    <ClInclude Include="sources\Classes projet\PhaseMenuIntro.h">
      <Filter>Header Files</Filter>
    </ClInclude>
    <ClInclude Include="sources\Classes projet\PhaseMenuInventaire.h">
      <Filter>Header Files</Filter>
    </ClInclude>
    <ClInclude Include="sources\Classes projet\PhaseMenuNouvellePartie.h">
      <Filter>Header Files</Filter>
    </ClInclude>
    <ClInclude Include="sources\Classes projet\PhaseMenuOptions.h">
      <Filter>Header Files</Filter>
    </ClInclude>
    <ClInclude Include="sources\Classes projet\PhaseMenuPause.h">
      <Filter>Header Files</Filter>
    </ClInclude>
    <ClInclude Include="sources\Classes projet\PhaseMenuPrincipal.h">
      <Filter>Header Files</Filter>
    </ClInclude>
    <ClInclude Include="sources\Classes projet\PhaseMenuSon.h">
      <Filter>Header Files</Filter>
    </ClInclude>
    <ClInclude Include="sources\Classes projet\PhaseMenuSucces.h">
      <Filter>Header Files</Filter>
    </ClInclude>
    <ClInclude Include="sources\Classes projet\Physique.h">
      <Filter>Header Files</Filter>
    </ClInclude>
    <ClInclude Include="sources\Classes projet\PlafondTueur.h">
      <Filter>Header Files</Filter>
    </ClInclude>
    <ClInclude Include="sources\Classes projet\Plan.h">
      <Filter>Header Files</Filter>
    </ClInclude>
    <ClInclude Include="sources\Classes projet\Police.h">
      <Filter>Header Files</Filter>
    </ClInclude>
    <ClInclude Include="sources\Classes projet\Porte.h">
      <Filter>Header Files</Filter>
    </ClInclude>
    <ClInclude Include="sources\Classes projet\Rect.h">
      <Filter>Header Files</Filter>
    </ClInclude>
    <ClInclude Include="sources\Classes projet\Remplisseur.h">
      <Filter>Header Files</Filter>
    </ClInclude>
    <ClInclude Include="sources\Classes projet\Salle.h">
      <Filter>Header Files</Filter>
    </ClInclude>
    <ClInclude Include="sources\Classes projet\Singleton.h">
      <Filter>Header Files</Filter>
    </ClInclude>
    <ClInclude Include="sources\Classes projet\Sons.h">
      <Filter>Header Files</Filter>
    </ClInclude>
    <ClInclude Include="sources\Classes projet\Souris.h">
      <Filter>Header Files</Filter>
    </ClInclude>
    <ClInclude Include="sources\Classes projet\Sprite2D.h">
      <Filter>Header Files</Filter>
    </ClInclude>
    <ClInclude Include="sources\Classes projet\Succes.h">
      <Filter>Header Files</Filter>
    </ClInclude>
    <ClInclude Include="sources\Classes projet\Temps.h">
      <Filter>Header Files</Filter>
    </ClInclude>
    <ClInclude Include="sources\Classes projet\Texte.h">
      <Filter>Header Files</Filter>
    </ClInclude>
    <ClInclude Include="sources\Classes projet\Texte2D.h">
      <Filter>Header Files</Filter>
    </ClInclude>
    <ClInclude Include="sources\Classes projet\Texture.h">
      <Filter>Header Files</Filter>
    </ClInclude>
    <ClInclude Include="sources\Classes projet\UsineItem.h">
      <Filter>Header Files</Filter>
    </ClInclude>
    <ClInclude Include="sources\Classes projet\Vecteur2.h">
      <Filter>Header Files</Filter>
    </ClInclude>
    <ClInclude Include="sources\Classes projet\Vecteur3.h">
      <Filter>Header Files</Filter>
    </ClInclude>
    <ClInclude Include="sources\Classes projet\Vent.h">
      <Filter>Header Files</Filter>
    </ClInclude>
  </ItemGroup>
</Project>